
Microsoft Visual Studio Solution File, Format Version 12.00
# Visual Studio Version 17
VisualStudioVersion = 17.9.34728.123
MinimumVisualStudioVersion = 10.0.40219.1
Project("{8BC9CEB8-8B4A-11D0-8D11-00A0C91BC942}") = "Project1", "Project1\Project1.vcxproj", "{E52253AA-F7BE-44BE-A622-20F72597B866}"
EndProject
Project("{8BC9CEB8-8B4A-11D0-8D11-00A0C91BC942}") = "Project2", "Project2\Project2.vcxproj", "{357F8EA9-64B0-4816-844B-8ADF57531AC1}"
EndProject
Project("{8BC9CEB8-8B4A-11D0-8D11-00A0C91BC942}") = "Project3", "Project3\Project3.vcxproj", "{0976DB97-580C-485D-9BE4-4DCD7B6BE07A}"
EndProject
Global
	GlobalSection(SolutionConfigurationPlatforms) = preSolution
		Debug|x64 = Debug|x64
		Debug|x86 = Debug|x86
		Release|x64 = Release|x64
		Release|x86 = Release|x86
	EndGlobalSection
	GlobalSection(ProjectConfigurationPlatforms) = postSolution
		{E52253AA-F7BE-44BE-A622-20F72597B866}.Debug|x64.ActiveCfg = Debug|x64
		{E52253AA-F7BE-44BE-A622-20F72597B866}.Debug|x64.Build.0 = Debug|x64
		{E52253AA-F7BE-44BE-A622-20F72597B866}.Debug|x86.ActiveCfg = Debug|Win32
		{E52253AA-F7BE-44BE-A622-20F72597B866}.Debug|x86.Build.0 = Debug|Win32
		{E52253AA-F7BE-44BE-A622-20F72597B866}.Release|x64.ActiveCfg = Release|x64
		{E52253AA-F7BE-44BE-A622-20F72597B866}.Release|x64.Build.0 = Release|x64
		{E52253AA-F7BE-44BE-A622-20F72597B866}.Release|x86.ActiveCfg = Release|Win32
		{E52253AA-F7BE-44BE-A622-20F72597B866}.Release|x86.Build.0 = Release|Win32
		{357F8EA9-64B0-4816-844B-8ADF57531AC1}.Debug|x64.ActiveCfg = Debug|x64
		{357F8EA9-64B0-4816-844B-8ADF57531AC1}.Debug|x64.Build.0 = Debug|x64
		{357F8EA9-64B0-4816-844B-8ADF57531AC1}.Debug|x86.ActiveCfg = Debug|Win32
		{357F8EA9-64B0-4816-844B-8ADF57531AC1}.Debug|x86.Build.0 = Debug|Win32
		{357F8EA9-64B0-4816-844B-8ADF57531AC1}.Release|x64.ActiveCfg = Release|x64
		{357F8EA9-64B0-4816-844B-8ADF57531AC1}.Release|x64.Build.0 = Release|x64
		{357F8EA9-64B0-4816-844B-8ADF57531AC1}.Release|x86.ActiveCfg = Release|Win32
		{357F8EA9-64B0-4816-844B-8ADF57531AC1}.Release|x86.Build.0 = Release|Win32
		{0976DB97-580C-485D-9BE4-4DCD7B6BE07A}.Debug|x64.ActiveCfg = Debug|x64
		{0976DB97-580C-485D-9BE4-4DCD7B6BE07A}.Debug|x64.Build.0 = Debug|x64
		{0976DB97-580C-485D-9BE4-4DCD7B6BE07A}.Debug|x86.ActiveCfg = Debug|Win32
		{0976DB97-580C-485D-9BE4-4DCD7B6BE07A}.Debug|x86.Build.0 = Debug|Win32
		{0976DB97-580C-485D-9BE4-4DCD7B6BE07A}.Release|x64.ActiveCfg = Release|x64
		{0976DB97-580C-485D-9BE4-4DCD7B6BE07A}.Release|x64.Build.0 = Release|x64
		{0976DB97-580C-485D-9BE4-4DCD7B6BE07A}.Release|x86.ActiveCfg = Release|Win32
		{0976DB97-580C-485D-9BE4-4DCD7B6BE07A}.Release|x86.Build.0 = Release|Win32
	EndGlobalSection
	GlobalSection(SolutionProperties) = preSolution
		HideSolutionNode = FALSE
	EndGlobalSection
	GlobalSection(ExtensibilityGlobals) = postSolution
		SolutionGuid = {0FD696FA-7D77-40A8-A203-D643E62C8FF4}
	EndGlobalSection
EndGlobal
